# This file was autogenerated by Stack.
# You should not edit this file by hand.
# For more information, please see the documentation at:
#   https://docs.haskellstack.org/en/stable/lock_files

packages:
- completed:
    hackage: lattices-2@sha256:e163e828fb904a51daf55e5bbb761146faba94b41c607d6def012e7a2335a422,3476
    pantry-tree:
      size: 1915
      sha256: 03a507c127ed046cafbde615d5c1adba7a351be417e56a3a6a279af4ee362382
  original:
    hackage: lattices-2@sha256:e163e828fb904a51daf55e5bbb761146faba94b41c607d6def012e7a2335a422,3476
- completed:
    hackage: universe-base-1.1.1@sha256:1313ee7480fa14e7f77345b9c2dceb402404f7c6bbae8105ca9bf8a85ca1aa2e,2459
    pantry-tree:
      size: 465
      sha256: 60cffb38a91455a50c2374104c515a6d4b6c550133faed48dfa7d3e56ad99304
  original:
    hackage: universe-base-1.1.1@sha256:1313ee7480fa14e7f77345b9c2dceb402404f7c6bbae8105ca9bf8a85ca1aa2e,2459
- completed:
    hackage: universe-reverse-instances-1.1@sha256:3383f11ddccfbe7255460f1d57999794503e1d7a717b5f3315aa2c207ac30ced,1283
    pantry-tree:
      size: 549
      sha256: 8a18c6935ada31b6030f0bf22abb0d122ea146a982aa50a781374b5bfb1c6753
  original:
    hackage: universe-reverse-instances-1.1@sha256:3383f11ddccfbe7255460f1d57999794503e1d7a717b5f3315aa2c207ac30ced,1283
- completed:
    hackage: sbv-8.3@sha256:a80a8ce2d9eaceffc23b862a55ea835c4c7b8018dc230238e177a279a9d944bd,17917
    pantry-tree:
      size: 52814
      sha256: e13d3144bd458598460b9ab70f5b4ae8da61bc486d43402d5231b35a3cf63ac2
  original:
    hackage: sbv-8.3@sha256:a80a8ce2d9eaceffc23b862a55ea835c4c7b8018dc230238e177a279a9d944bd,17917
snapshots:
- completed:
    size: 499889
    url: https://raw.githubusercontent.com/commercialhaskell/stackage-snapshots/master/lts/13/26.yaml
    sha256: ecb02ee16829df8d7219e7d7fe6c310819820bf335b0b9534bce84d3ea896684
  original: lts-13.26
